
Microsoft Visual Studio Solution File, Format Version 12.00
# Visual Studio 15
VisualStudioVersion = 15.0.28307.271
MinimumVisualStudioVersion = 10.0.40219.1
Project("{FAE04EC0-301F-11D3-BF4B-00C04F79EFBC}") = "QuantConnect.Indicators", "QuantConnect.Indicators.csproj", "{73FB2522-C3ED-4E47-8E3D-AFAD48A6B888}"
EndProject
Global
	GlobalSection(SolutionConfigurationPlatforms) = preSolution
		Debug|Any CPU = Debug|Any CPU
		Release|Any CPU = Release|Any CPU
	EndGlobalSection
	GlobalSection(ProjectConfigurationPlatforms) = postSolution
		{73FB2522-C3ED-4E47-8E3D-AFAD48A6B888}.Debug|Any CPU.ActiveCfg = Debug|Any CPU
		{73FB2522-C3ED-4E47-8E3D-AFAD48A6B888}.Debug|Any CPU.Build.0 = Debug|Any CPU
		{73FB2522-C3ED-4E47-8E3D-AFAD48A6B888}.Release|Any CPU.ActiveCfg = Release|Any CPU
		{73FB2522-C3ED-4E47-8E3D-AFAD48A6B888}.Release|Any CPU.Build.0 = Release|Any CPU
	EndGlobalSection
	GlobalSection(SolutionProperties) = preSolution
		HideSolutionNode = FALSE
	EndGlobalSection
	GlobalSection(ExtensibilityGlobals) = postSolution
		SolutionGuid = {467B688F-F942-4BD7-A2F8-BE594ED30BA1}
	EndGlobalSection
EndGlobal
